
Microsoft Visual Studio Solution File, Format Version 12.00
# Visual Studio Version 17
VisualStudioVersion = 17.0.32014.148
MinimumVisualStudioVersion = 10.0.40219.1
Project("{2150E333-8FDC-42A3-9474-1A3956D46DE8}") = "src", "src", "{606B8C3A-0D45-4E8A-AD73-967D9EF18647}"
EndProject
Project("{2150E333-8FDC-42A3-9474-1A3956D46DE8}") = "test", "test", "{50395D27-D765-4EF5-A2FF-A54AD8787DFA}"
EndProject
Project("{2150E333-8FDC-42A3-9474-1A3956D46DE8}") = "API", "API", "{8EACC144-B609-4527-A48A-BB0D37F649C3}"
EndProject
Project("{2150E333-8FDC-42A3-9474-1A3956D46DE8}") = "Core", "Core", "{DCD4E766-EB6E-402C-A83F-00574711A01D}"
EndProject
Project("{2150E333-8FDC-42A3-9474-1A3956D46DE8}") = "Infrastructure", "Infrastructure", "{6C588AC8-F80C-4F4A-B534-8AAAC71BD35B}"
EndProject
Project("{2150E333-8FDC-42A3-9474-1A3956D46DE8}") = "UI", "UI", "{0482D96C-30DD-4C8A-A5EC-C402FD24C300}"
EndProject
Project("{9A19103F-16F7-4668-BE54-9A1E7A4F7556}") = "GlobalTicket.TicketManagement.Application", "GlobalTicket.TicketManagement.Application\GlobalTicket.TicketManagement.Application.csproj", "{BCD2E6ED-6775-45CA-B31D-6295B95E97C4}"
EndProject
Project("{9A19103F-16F7-4668-BE54-9A1E7A4F7556}") = "GlobalTicket.TicketManagement.Domain", "GlobalTicket.TicketManagement.Domain\GlobalTicket.TicketManagement.Domain.csproj", "{9905227C-A1BB-45FF-A47C-FCC0C985B03C}"
EndProject
Project("{9A19103F-16F7-4668-BE54-9A1E7A4F7556}") = "GlobalTicket.TicketManagement.Persistence", "GlobalTicket.TicketManagement.Persistence\GlobalTicket.TicketManagement.Persistence.csproj", "{32CF528B-3C64-4DCB-A672-C8A8DB19E45C}"
EndProject
Project("{9A19103F-16F7-4668-BE54-9A1E7A4F7556}") = "GlobalTicket.TicketManagement.Infrastructure", "GlobalTicket.TicketManagement.Infrastructure\GlobalTicket.TicketManagement.Infrastructure.csproj", "{499C69A5-3F49-4660-86BF-E2AA7BECB3A9}"
EndProject
Project("{9A19103F-16F7-4668-BE54-9A1E7A4F7556}") = "GlobalTicket.TicketManagement.Api", "GlobalTicket.TicketManagement.Api\GlobalTicket.TicketManagement.Api.csproj", "{F0D47E33-8C11-457C-8DB2-DA6EF5F79989}"
EndProject
Project("{FAE04EC0-301F-11D3-BF4B-00C04F79EFBC}") = "GloboTicket.TicketManagement.Application.UnitTests", "GloboTicket.TicketManagement.Application.UnitTests\GloboTicket.TicketManagement.Application.UnitTests.csproj", "{C6613601-CC07-43C4-A4EC-F0BF24705410}"
EndProject
Project("{9A19103F-16F7-4668-BE54-9A1E7A4F7556}") = "GloboTicket.TicketManagement.API.IntegrationTests", "GloboTicket.TicketManagement.API.IntegrationTests\GloboTicket.TicketManagement.API.IntegrationTests.csproj", "{18BEDD33-4FFC-4625-B80D-75E3DC406E2D}"
EndProject
Project("{9A19103F-16F7-4668-BE54-9A1E7A4F7556}") = "GloboTicket.TicketManagement.Persistence.Integration.Tests", "GloboTicket.TicketManagement.Persistence.Integration.Tests\GloboTicket.TicketManagement.Persistence.Integration.Tests.csproj", "{CD1435BE-BA83-4B61-B9A9-A29C3B285CA4}"
EndProject
Global
	GlobalSection(SolutionConfigurationPlatforms) = preSolution
		Debug|Any CPU = Debug|Any CPU
		Release|Any CPU = Release|Any CPU
	EndGlobalSection
	GlobalSection(ProjectConfigurationPlatforms) = postSolution
		{BCD2E6ED-6775-45CA-B31D-6295B95E97C4}.Debug|Any CPU.ActiveCfg = Debug|Any CPU
		{BCD2E6ED-6775-45CA-B31D-6295B95E97C4}.Debug|Any CPU.Build.0 = Debug|Any CPU
		{BCD2E6ED-6775-45CA-B31D-6295B95E97C4}.Release|Any CPU.ActiveCfg = Release|Any CPU
		{BCD2E6ED-6775-45CA-B31D-6295B95E97C4}.Release|Any CPU.Build.0 = Release|Any CPU
		{9905227C-A1BB-45FF-A47C-FCC0C985B03C}.Debug|Any CPU.ActiveCfg = Debug|Any CPU
		{9905227C-A1BB-45FF-A47C-FCC0C985B03C}.Debug|Any CPU.Build.0 = Debug|Any CPU
		{9905227C-A1BB-45FF-A47C-FCC0C985B03C}.Release|Any CPU.ActiveCfg = Release|Any CPU
		{9905227C-A1BB-45FF-A47C-FCC0C985B03C}.Release|Any CPU.Build.0 = Release|Any CPU
		{32CF528B-3C64-4DCB-A672-C8A8DB19E45C}.Debug|Any CPU.ActiveCfg = Debug|Any CPU
		{32CF528B-3C64-4DCB-A672-C8A8DB19E45C}.Debug|Any CPU.Build.0 = Debug|Any CPU
		{32CF528B-3C64-4DCB-A672-C8A8DB19E45C}.Release|Any CPU.ActiveCfg = Release|Any CPU
		{32CF528B-3C64-4DCB-A672-C8A8DB19E45C}.Release|Any CPU.Build.0 = Release|Any CPU
		{499C69A5-3F49-4660-86BF-E2AA7BECB3A9}.Debug|Any CPU.ActiveCfg = Debug|Any CPU
		{499C69A5-3F49-4660-86BF-E2AA7BECB3A9}.Debug|Any CPU.Build.0 = Debug|Any CPU
		{499C69A5-3F49-4660-86BF-E2AA7BECB3A9}.Release|Any CPU.ActiveCfg = Release|Any CPU
		{499C69A5-3F49-4660-86BF-E2AA7BECB3A9}.Release|Any CPU.Build.0 = Release|Any CPU
		{F0D47E33-8C11-457C-8DB2-DA6EF5F79989}.Debug|Any CPU.ActiveCfg = Debug|Any CPU
		{F0D47E33-8C11-457C-8DB2-DA6EF5F79989}.Debug|Any CPU.Build.0 = Debug|Any CPU
		{F0D47E33-8C11-457C-8DB2-DA6EF5F79989}.Release|Any CPU.ActiveCfg = Release|Any CPU
		{F0D47E33-8C11-457C-8DB2-DA6EF5F79989}.Release|Any CPU.Build.0 = Release|Any CPU
		{C6613601-CC07-43C4-A4EC-F0BF24705410}.Debug|Any CPU.ActiveCfg = Debug|Any CPU
		{C6613601-CC07-43C4-A4EC-F0BF24705410}.Debug|Any CPU.Build.0 = Debug|Any CPU
		{C6613601-CC07-43C4-A4EC-F0BF24705410}.Release|Any CPU.ActiveCfg = Release|Any CPU
		{C6613601-CC07-43C4-A4EC-F0BF24705410}.Release|Any CPU.Build.0 = Release|Any CPU
		{18BEDD33-4FFC-4625-B80D-75E3DC406E2D}.Debug|Any CPU.ActiveCfg = Debug|Any CPU
		{18BEDD33-4FFC-4625-B80D-75E3DC406E2D}.Debug|Any CPU.Build.0 = Debug|Any CPU
		{18BEDD33-4FFC-4625-B80D-75E3DC406E2D}.Release|Any CPU.ActiveCfg = Release|Any CPU
		{18BEDD33-4FFC-4625-B80D-75E3DC406E2D}.Release|Any CPU.Build.0 = Release|Any CPU
		{CD1435BE-BA83-4B61-B9A9-A29C3B285CA4}.Debug|Any CPU.ActiveCfg = Debug|Any CPU
		{CD1435BE-BA83-4B61-B9A9-A29C3B285CA4}.Debug|Any CPU.Build.0 = Debug|Any CPU
		{CD1435BE-BA83-4B61-B9A9-A29C3B285CA4}.Release|Any CPU.ActiveCfg = Release|Any CPU
		{CD1435BE-BA83-4B61-B9A9-A29C3B285CA4}.Release|Any CPU.Build.0 = Release|Any CPU
	EndGlobalSection
	GlobalSection(SolutionProperties) = preSolution
		HideSolutionNode = FALSE
	EndGlobalSection
	GlobalSection(NestedProjects) = preSolution
		{8EACC144-B609-4527-A48A-BB0D37F649C3} = {606B8C3A-0D45-4E8A-AD73-967D9EF18647}
		{DCD4E766-EB6E-402C-A83F-00574711A01D} = {606B8C3A-0D45-4E8A-AD73-967D9EF18647}
		{6C588AC8-F80C-4F4A-B534-8AAAC71BD35B} = {606B8C3A-0D45-4E8A-AD73-967D9EF18647}
		{0482D96C-30DD-4C8A-A5EC-C402FD24C300} = {606B8C3A-0D45-4E8A-AD73-967D9EF18647}
		{BCD2E6ED-6775-45CA-B31D-6295B95E97C4} = {DCD4E766-EB6E-402C-A83F-00574711A01D}
		{9905227C-A1BB-45FF-A47C-FCC0C985B03C} = {DCD4E766-EB6E-402C-A83F-00574711A01D}
		{32CF528B-3C64-4DCB-A672-C8A8DB19E45C} = {6C588AC8-F80C-4F4A-B534-8AAAC71BD35B}
		{499C69A5-3F49-4660-86BF-E2AA7BECB3A9} = {6C588AC8-F80C-4F4A-B534-8AAAC71BD35B}
		{F0D47E33-8C11-457C-8DB2-DA6EF5F79989} = {8EACC144-B609-4527-A48A-BB0D37F649C3}
		{C6613601-CC07-43C4-A4EC-F0BF24705410} = {50395D27-D765-4EF5-A2FF-A54AD8787DFA}
		{18BEDD33-4FFC-4625-B80D-75E3DC406E2D} = {50395D27-D765-4EF5-A2FF-A54AD8787DFA}
		{CD1435BE-BA83-4B61-B9A9-A29C3B285CA4} = {50395D27-D765-4EF5-A2FF-A54AD8787DFA}
	EndGlobalSection
	GlobalSection(ExtensibilityGlobals) = postSolution
		SolutionGuid = {EFAA4938-FEE9-4013-99D1-4A1E227D10CC}
	EndGlobalSection
EndGlobal
